
Microsoft Visual Studio Solution File, Format Version 12.00
# Visual Studio Version 16
VisualStudioVersion = 16.0.30804.86
MinimumVisualStudioVersion = 10.0.40219.1
Project("{FAE04EC0-301F-11D3-BF4B-00C04F79EFBC}") = "OOP_Ass_011", "OOP_Ass_011\OOP_Ass_011.csproj", "{FA9F6E83-2D01-440B-8732-B6E0BE596DFC}"
EndProject
Global
	GlobalSection(SolutionConfigurationPlatforms) = preSolution
		Debug|Any CPU = Debug|Any CPU
		Release|Any CPU = Release|Any CPU
	EndGlobalSection
	GlobalSection(ProjectConfigurationPlatforms) = postSolution
		{FA9F6E83-2D01-440B-8732-B6E0BE596DFC}.Debug|Any CPU.ActiveCfg = Debug|Any CPU
		{FA9F6E83-2D01-440B-8732-B6E0BE596DFC}.Debug|Any CPU.Build.0 = Debug|Any CPU
		{FA9F6E83-2D01-440B-8732-B6E0BE596DFC}.Release|Any CPU.ActiveCfg = Release|Any CPU
		{FA9F6E83-2D01-440B-8732-B6E0BE596DFC}.Release|Any CPU.Build.0 = Release|Any CPU
	EndGlobalSection
	GlobalSection(SolutionProperties) = preSolution
		HideSolutionNode = FALSE
	EndGlobalSection
	GlobalSection(ExtensibilityGlobals) = postSolution
		SolutionGuid = {330B8F46-DB52-4DE0-9673-B5627083D65A}
	EndGlobalSection
EndGlobal
